// !$*UTF8*$!
{
	archiveVersion = 1;
	classes = {
	};
	objectVersion = 50;
	objects = {

/* Begin PBXBuildFile section */
		90E4B699246755A400ED3D29 /* AppDelegate.swift in Sources */ = {isa = PBXBuildFile; fileRef = 90E4B698246755A400ED3D29 /* AppDelegate.swift */; };
		90E4B69B246755A400ED3D29 /* SceneDelegate.swift in Sources */ = {isa = PBXBuildFile; fileRef = 90E4B69A246755A400ED3D29 /* SceneDelegate.swift */; };
		90E4B69D246755A400ED3D29 /* PaletteController.swift in Sources */ = {isa = PBXBuildFile; fileRef = 90E4B69C246755A400ED3D29 /* PaletteController.swift */; };
		90E4B6A3246755A400ED3D29 /* MagentaColorApp.xcdatamodeld in Sources */ = {isa = PBXBuildFile; fileRef = 90E4B6A1246755A400ED3D29 /* MagentaColorApp.xcdatamodeld */; };
		90E4B6A5246755A800ED3D29 /* Assets.xcassets in Resources */ = {isa = PBXBuildFile; fileRef = 90E4B6A4246755A800ED3D29 /* Assets.xcassets */; };
		90E4B6A8246755A800ED3D29 /* LaunchScreen.storyboard in Resources */ = {isa = PBXBuildFile; fileRef = 90E4B6A6246755A800ED3D29 /* LaunchScreen.storyboard */; };
		90E4B6B324675C0500ED3D29 /* PaletteView.swift in Sources */ = {isa = PBXBuildFile; fileRef = 90E4B6B224675C0500ED3D29 /* PaletteView.swift */; };
		90E4B6B524676DCD00ED3D29 /* Color.swift in Sources */ = {isa = PBXBuildFile; fileRef = 90E4B6B424676DCD00ED3D29 /* Color.swift */; };
		90E4B6BA24676FC500ED3D29 /* Extensions.swift in Sources */ = {isa = PBXBuildFile; fileRef = 90E4B6B924676FC500ED3D29 /* Extensions.swift */; };
/* End PBXBuildFile section */

/* Begin PBXFileReference section */
		90E4B695246755A400ED3D29 /* MagentaColorApp.app */ = {isa = PBXFileReference; explicitFileType = wrapper.application; includeInIndex = 0; path = MagentaColorApp.app; sourceTree = BUILT_PRODUCTS_DIR; };
		90E4B698246755A400ED3D29 /* AppDelegate.swift */ = {isa = PBXFileReference; lastKnownFileType = sourcecode.swift; path = AppDelegate.swift; sourceTree = "<group>"; };
		90E4B69A246755A400ED3D29 /* SceneDelegate.swift */ = {isa = PBXFileReference; lastKnownFileType = sourcecode.swift; path = SceneDelegate.swift; sourceTree = "<group>"; };
		90E4B69C246755A400ED3D29 /* PaletteController.swift */ = {isa = PBXFileReference; lastKnownFileType = sourcecode.swift; path = PaletteController.swift; sourceTree = "<group>"; };
		90E4B6A2246755A400ED3D29 /* MagentaColorApp.xcdatamodel */ = {isa = PBXFileReference; lastKnownFileType = wrapper.xcdatamodel; path = MagentaColorApp.xcdatamodel; sourceTree = "<group>"; };
		90E4B6A4246755A800ED3D29 /* Assets.xcassets */ = {isa = PBXFileReference; lastKnownFileType = folder.assetcatalog; path = Assets.xcassets; sourceTree = "<group>"; };
		90E4B6A7246755A800ED3D29 /* Base */ = {isa = PBXFileReference; lastKnownFileType = file.storyboard; name = Base; path = Base.lproj/LaunchScreen.storyboard; sourceTree = "<group>"; };
		90E4B6A9246755A800ED3D29 /* Info.plist */ = {isa = PBXFileReference; lastKnownFileType = text.plist.xml; path = Info.plist; sourceTree = "<group>"; };
		90E4B6B224675C0500ED3D29 /* PaletteView.swift */ = {isa = PBXFileReference; lastKnownFileType = sourcecode.swift; path = PaletteView.swift; sourceTree = "<group>"; };
		90E4B6B424676DCD00ED3D29 /* Color.swift */ = {isa = PBXFileReference; lastKnownFileType = sourcecode.swift; path = Color.swift; sourceTree = "<group>"; };
		90E4B6B924676FC500ED3D29 /* Extensions.swift */ = {isa = PBXFileReference; lastKnownFileType = sourcecode.swift; path = Extensions.swift; sourceTree = "<group>"; };
/* End PBXFileReference section */

/* Begin PBXFrameworksBuildPhase section */
		90E4B692246755A400ED3D29 /* Frameworks */ = {
			isa = PBXFrameworksBuildPhase;
			buildActionMask = 2147483647;
			files = (
			);
			runOnlyForDeploymentPostprocessing = 0;
		};
/* End PBXFrameworksBuildPhase section */

/* Begin PBXGroup section */
		90E4B68C246755A400ED3D29 = {
			isa = PBXGroup;
			children = (
				90E4B697246755A400ED3D29 /* MagentaColorApp */,
				90E4B696246755A400ED3D29 /* Products */,
			);
			sourceTree = "<group>";
		};
		90E4B696246755A400ED3D29 /* Products */ = {
			isa = PBXGroup;
			children = (
				90E4B695246755A400ED3D29 /* MagentaColorApp.app */,
			);
			name = Products;
			sourceTree = "<group>";
		};
		90E4B697246755A400ED3D29 /* MagentaColorApp */ = {
			isa = PBXGroup;
			children = (
				90E4B6AF24675BD300ED3D29 /* Model */,
				90E4B6B024675BD800ED3D29 /* View */,
				90E4B6B124675BDC00ED3D29 /* Controller */,
				90E4B6B824676FB400ED3D29 /* Utilities */,
				90E4B698246755A400ED3D29 /* AppDelegate.swift */,
				90E4B69A246755A400ED3D29 /* SceneDelegate.swift */,
				90E4B6A4246755A800ED3D29 /* Assets.xcassets */,
				90E4B6A6246755A800ED3D29 /* LaunchScreen.storyboard */,
				90E4B6A9246755A800ED3D29 /* Info.plist */,
				90E4B6A1246755A400ED3D29 /* MagentaColorApp.xcdatamodeld */,
			);
			path = MagentaColorApp;
			sourceTree = "<group>";
		};
		90E4B6AF24675BD300ED3D29 /* Model */ = {
			isa = PBXGroup;
			children = (
				90E4B6B424676DCD00ED3D29 /* Color.swift */,
			);
			path = Model;
			sourceTree = "<group>";
		};
		90E4B6B024675BD800ED3D29 /* View */ = {
			isa = PBXGroup;
			children = (
				90E4B6B224675C0500ED3D29 /* PaletteView.swift */,
			);
			path = View;
			sourceTree = "<group>";
		};
		90E4B6B124675BDC00ED3D29 /* Controller */ = {
			isa = PBXGroup;
			children = (
				90E4B69C246755A400ED3D29 /* PaletteController.swift */,
			);
			path = Controller;
			sourceTree = "<group>";
		};
		90E4B6B824676FB400ED3D29 /* Utilities */ = {
			isa = PBXGroup;
			children = (
				90E4B6B924676FC500ED3D29 /* Extensions.swift */,
			);
			path = Utilities;
			sourceTree = "<group>";
		};
/* End PBXGroup section */

/* Begin PBXNativeTarget section */
		90E4B694246755A400ED3D29 /* MagentaColorApp */ = {
			isa = PBXNativeTarget;
			buildConfigurationList = 90E4B6AC246755A800ED3D29 /* Build configuration list for PBXNativeTarget "MagentaColorApp" */;
			buildPhases = (
				90E4B691246755A400ED3D29 /* Sources */,
				90E4B692246755A400ED3D29 /* Frameworks */,
				90E4B693246755A400ED3D29 /* Resources */,
			);
			buildRules = (
			);
			dependencies = (
			);
			name = MagentaColorApp;
			productName = MagentaColorApp;
			productReference = 90E4B695246755A400ED3D29 /* MagentaColorApp.app */;
			productType = "com.apple.product-type.application";
		};
/* End PBXNativeTarget section */

/* Begin PBXProject section */
		90E4B68D246755A400ED3D29 /* Project object */ = {
			isa = PBXProject;
			attributes = {
				LastSwiftUpdateCheck = 1130;
				LastUpgradeCheck = 1130;
				ORGANIZATIONNAME = "Stephanie Chiu";
				TargetAttributes = {
					90E4B694246755A400ED3D29 = {
						CreatedOnToolsVersion = 11.3.1;
					};
				};
			};
			buildConfigurationList = 90E4B690246755A400ED3D29 /* Build configuration list for PBXProject "MagentaColorApp" */;
			compatibilityVersion = "Xcode 9.3";
			developmentRegion = en;
			hasScannedForEncodings = 0;
			knownRegions = (
				en,
				Base,
			);
			mainGroup = 90E4B68C246755A400ED3D29;
			productRefGroup = 90E4B696246755A400ED3D29 /* Products */;
			projectDirPath = "";
			projectRoot = "";
			targets = (
				90E4B694246755A400ED3D29 /* MagentaColorApp */,
			);
		};
/* End PBXProject section */

/* Begin PBXResourcesBuildPhase section */
		90E4B693246755A400ED3D29 /* Resources */ = {
			isa = PBXResourcesBuildPhase;
			buildActionMask = 2147483647;
			files = (
				90E4B6A8246755A800ED3D29 /* LaunchScreen.storyboard in Resources */,
				90E4B6A5246755A800ED3D29 /* Assets.xcassets in Resources */,
			);
			runOnlyForDeploymentPostprocessing = 0;
		};
/* End PBXResourcesBuildPhase section */

/* Begin PBXSourcesBuildPhase section */
		90E4B691246755A400ED3D29 /* Sources */ = {
			isa = PBXSourcesBuildPhase;
			buildActionMask = 2147483647;
			files = (
				90E4B69D246755A400ED3D29 /* PaletteController.swift in Sources */,
				90E4B6A3246755A400ED3D29 /* MagentaColorApp.xcdatamodeld in Sources */,
				90E4B699246755A400ED3D29 /* AppDelegate.swift in Sources */,
				90E4B6BA24676FC500ED3D29 /* Extensions.swift in Sources */,
				90E4B6B324675C0500ED3D29 /* PaletteView.swift in Sources */,
				90E4B69B246755A400ED3D29 /* SceneDelegate.swift in Sources */,
				90E4B6B524676DCD00ED3D29 /* Color.swift in Sources */,
			);
			runOnlyForDeploymentPostprocessing = 0;
		};
/* End PBXSourcesBuildPhase section */

/* Begin PBXVariantGroup section */
		90E4B6A6246755A800ED3D29 /* LaunchScreen.storyboard */ = {
			isa = PBXVariantGroup;
			children = (
				90E4B6A7246755A800ED3D29 /* Base */,
			);
			name = LaunchScreen.storyboard;
			sourceTree = "<group>";
		};
/* End PBXVariantGroup section */

/* Begin XCBuildConfiguration section */
		90E4B6AA246755A800ED3D29 /* Debug */ = {
			isa = XCBuildConfiguration;
			buildSettings = {
				ALWAYS_SEARCH_USER_PATHS = NO;
				CLANG_ANALYZER_NONNULL = YES;
				CLANG_ANALYZER_NUMBER_OBJECT_CONVERSION = YES_AGGRESSIVE;
				CLANG_CXX_LANGUAGE_STANDARD = "gnu++14";
				CLANG_CXX_LIBRARY = "libc++";
				CLANG_ENABLE_MODULES = YES;
				CLANG_ENABLE_OBJC_ARC = YES;
				CLANG_ENABLE_OBJC_WEAK = YES;
				CLANG_WARN_BLOCK_CAPTURE_AUTORELEASING = YES;
				CLANG_WARN_BOOL_CONVERSION = YES;
				CLANG_WARN_COMMA = YES;
				CLANG_WARN_CONSTANT_CONVERSION = YES;
				CLANG_WARN_DEPRECATED_OBJC_IMPLEMENTATIONS = YES;
				CLANG_WARN_DIRECT_OBJC_ISA_USAGE = YES_ERROR;
				CLANG_WARN_DOCUMENTATION_COMMENTS = YES;
				CLANG_WARN_EMPTY_BODY = YES;
				CLANG_WARN_ENUM_CONVERSION = YES;
				CLANG_WARN_INFINITE_RECURSION = YES;
				CLANG_WARN_INT_CONVERSION = YES;
				CLANG_WARN_NON_LITERAL_NULL_CONVERSION = YES;
				CLANG_WARN_OBJC_IMPLICIT_RETAIN_SELF = YES;
				CLANG_WARN_OBJC_LITERAL_CONVERSION = YES;
				CLANG_WARN_OBJC_ROOT_CLASS = YES_ERROR;
				CLANG_WARN_RANGE_LOOP_ANALYSIS = YES;
				CLANG_WARN_STRICT_PROTOTYPES = YES;
				CLANG_WARN_SUSPICIOUS_MOVE = YES;
				CLANG_WARN_UNGUARDED_AVAILABILITY = YES_AGGRESSIVE;
				CLANG_WARN_UNREACHABLE_CODE = YES;
				CLANG_WARN__DUPLICATE_METHOD_MATCH = YES;
				COPY_PHASE_STRIP = NO;
				DEBUG_INFORMATION_FORMAT = dwarf;
				ENABLE_STRICT_OBJC_MSGSEND = YES;
				ENABLE_TESTABILITY = YES;
				GCC_C_LANGUAGE_STANDARD = gnu11;
				GCC_DYNAMIC_NO_PIC = NO;
				GCC_NO_COMMON_BLOCKS = YES;
				GCC_OPTIMIZATION_LEVEL = 0;
				GCC_PREPROCESSOR_DEFINITIONS = (
					"DEBUG=1",
					"$(inherited)",
				);
				GCC_WARN_64_TO_32_BIT_CONVERSION = YES;
				GCC_WARN_ABOUT_RETURN_TYPE = YES_ERROR;
				GCC_WARN_UNDECLARED_SELECTOR = YES;
				GCC_WARN_UNINITIALIZED_AUTOS = YES_AGGRESSIVE;
				GCC_WARN_UNUSED_FUNCTION = YES;
				GCC_WARN_UNUSED_VARIABLE = YES;
				IPHONEOS_DEPLOYMENT_TARGET = 13.2;
				MTL_ENABLE_DEBUG_INFO = INCLUDE_SOURCE;
				MTL_FAST_MATH = YES;
				ONLY_ACTIVE_ARCH = YES;
				SDKROOT = iphoneos;
				SWIFT_ACTIVE_COMPILATION_CONDITIONS = DEBUG;
				SWIFT_OPTIMIZATION_LEVEL = "-Onone";
			};
			name = Debug;
		};
		90E4B6AB246755A800ED3D29 /* Release */ = {
			isa = XCBuildConfiguration;
			buildSettings = {
				ALWAYS_SEARCH_USER_PATHS = NO;
				CLANG_ANALYZER_NONNULL = YES;
				CLANG_ANALYZER_NUMBER_OBJECT_CONVERSION = YES_AGGRESSIVE;
				CLANG_CXX_LANGUAGE_STANDARD = "gnu++14";
				CLANG_CXX_LIBRARY = "libc++";
				CLANG_ENABLE_MODULES = YES;
				CLANG_ENABLE_OBJC_ARC = YES;
				CLANG_ENABLE_OBJC_WEAK = YES;
				CLANG_WARN_BLOCK_CAPTURE_AUTORELEASING = YES;
				CLANG_WARN_BOOL_CONVERSION = YES;
				CLANG_WARN_COMMA = YES;
				CLANG_WARN_CONSTANT_CONVERSION = YES;
				CLANG_WARN_DEPRECATED_OBJC_IMPLEMENTATIONS = YES;
				CLANG_WARN_DIRECT_OBJC_ISA_USAGE = YES_ERROR;
				CLANG_WARN_DOCUMENTATION_COMMENTS = YES;
				CLANG_WARN_EMPTY_BODY = YES;
				CLANG_WARN_ENUM_CONVERSION = YES;
				CLANG_WARN_INFINITE_RECURSION = YES;
				CLANG_WARN_INT_CONVERSION = YES;
				CLANG_WARN_NON_LITERAL_NULL_CONVERSION = YES;
				CLANG_WARN_OBJC_IMPLICIT_RETAIN_SELF = YES;
				CLANG_WARN_OBJC_LITERAL_CONVERSION = YES;
				CLANG_WARN_OBJC_ROOT_CLASS = YES_ERROR;
				CLANG_WARN_RANGE_LOOP_ANALYSIS = YES;
				CLANG_WARN_STRICT_PROTOTYPES = YES;
				CLANG_WARN_SUSPICIOUS_MOVE = YES;
				CLANG_WARN_UNGUARDED_AVAILABILITY = YES_AGGRESSIVE;
				CLANG_WARN_UNREACHABLE_CODE = YES;
				CLANG_WARN__DUPLICATE_METHOD_MATCH = YES;
				COPY_PHASE_STRIP = NO;
				DEBUG_INFORMATION_FORMAT = "dwarf-with-dsym";
				ENABLE_NS_ASSERTIONS = NO;
				ENABLE_STRICT_OBJC_MSGSEND = YES;
				GCC_C_LANGUAGE_STANDARD = gnu11;
				GCC_NO_COMMON_BLOCKS = YES;
				GCC_WARN_64_TO_32_BIT_CONVERSION = YES;
				GCC_WARN_ABOUT_RETURN_TYPE = YES_ERROR;
				GCC_WARN_UNDECLARED_SELECTOR = YES;
				GCC_WARN_UNINITIALIZED_AUTOS = YES_AGGRESSIVE;
				GCC_WARN_UNUSED_FUNCTION = YES;
				GCC_WARN_UNUSED_VARIABLE = YES;
				IPHONEOS_DEPLOYMENT_TARGET = 13.2;
				MTL_ENABLE_DEBUG_INFO = NO;
				MTL_FAST_MATH = YES;
				SDKROOT = iphoneos;
				SWIFT_COMPILATION_MODE = wholemodule;
				SWIFT_OPTIMIZATION_LEVEL = "-O";
				VALIDATE_PRODUCT = YES;
			};
			name = Release;
		};
		90E4B6AD246755A800ED3D29 /* Debug */ = {
			isa = XCBuildConfiguration;
			buildSettings = {
				ASSETCATALOG_COMPILER_APPICON_NAME = AppIcon;
				CODE_SIGN_STYLE = Automatic;
				DEVELOPMENT_TEAM = PAF88N9AZQ;
				INFOPLIST_FILE = MagentaColorApp/Info.plist;
				LD_RUNPATH_SEARCH_PATHS = (
					"$(inherited)",
					"@executable_path/Frameworks",
				);
				PRODUCT_BUNDLE_IDENTIFIER = com.stephaniechiu.MagentaColorApp;
				PRODUCT_NAME = "$(TARGET_NAME)";
				SWIFT_VERSION = 5.0;
				TARGETED_DEVICE_FAMILY = "1,2";
			};
			name = Debug;
		};
		90E4B6AE246755A800ED3D29 /* Release */ = {
			isa = XCBuildConfiguration;
			buildSettings = {
				ASSETCATALOG_COMPILER_APPICON_NAME = AppIcon;
				CODE_SIGN_STYLE = Automatic;
				DEVELOPMENT_TEAM = PAF88N9AZQ;
				INFOPLIST_FILE = MagentaColorApp/Info.plist;
				LD_RUNPATH_SEARCH_PATHS = (
					"$(inherited)",
					"@executable_path/Frameworks",
				);
				PRODUCT_BUNDLE_IDENTIFIER = com.stephaniechiu.MagentaColorApp;
				PRODUCT_NAME = "$(TARGET_NAME)";
				SWIFT_VERSION = 5.0;
				TARGETED_DEVICE_FAMILY = "1,2";
			};
			name = Release;
		};
/* End XCBuildConfiguration section */

/* Begin XCConfigurationList section */
		90E4B690246755A400ED3D29 /* Build configuration list for PBXProject "MagentaColorApp" */ = {
			isa = XCConfigurationList;
			buildConfigurations = (
				90E4B6AA246755A800ED3D29 /* Debug */,
				90E4B6AB246755A800ED3D29 /* Release */,
			);
			defaultConfigurationIsVisible = 0;
			defaultConfigurationName = Release;
		};
		90E4B6AC246755A800ED3D29 /* Build configuration list for PBXNativeTarget "MagentaColorApp" */ = {
			isa = XCConfigurationList;
			buildConfigurations = (
				90E4B6AD246755A800ED3D29 /* Debug */,
				90E4B6AE246755A800ED3D29 /* Release */,
			);
			defaultConfigurationIsVisible = 0;
			defaultConfigurationName = Release;
		};
/* End XCConfigurationList section */

/* Begin XCVersionGroup section */
		90E4B6A1246755A400ED3D29 /* MagentaColorApp.xcdatamodeld */ = {
			isa = XCVersionGroup;
			children = (
				90E4B6A2246755A400ED3D29 /* MagentaColorApp.xcdatamodel */,
			);
			currentVersion = 90E4B6A2246755A400ED3D29 /* MagentaColorApp.xcdatamodel */;
			path = MagentaColorApp.xcdatamodeld;
			sourceTree = "<group>";
			versionGroupType = wrapper.xcdatamodel;
		};
/* End XCVersionGroup section */
	};
	rootObject = 90E4B68D246755A400ED3D29 /* Project object */;
}
