// !$*UTF8*$!
{
	archiveVersion = 1;
	classes = {
	};
	objectVersion = 51;
	objects = {

/* Begin PBXBuildFile section */
		5CB727CAA91680EF106DBC4B /* Pods_MagentaColorApp.framework in Frameworks */ = {isa = PBXBuildFile; fileRef = 9B61673D4F7B3A258D9DDB31 /* Pods_MagentaColorApp.framework */; };
		902D708C248229A500E24CF3 /* MenuView.swift in Sources */ = {isa = PBXBuildFile; fileRef = 902D708B248229A500E24CF3 /* MenuView.swift */; };
		902D708E248229B800E24CF3 /* MenuController.swift in Sources */ = {isa = PBXBuildFile; fileRef = 902D708D248229B800E24CF3 /* MenuController.swift */; };
		903DB8E624808CFA008474AC /* ColorExtensions.swift in Sources */ = {isa = PBXBuildFile; fileRef = 903DB8E524808CF9008474AC /* ColorExtensions.swift */; };
		903DB8E824808D3F008474AC /* StringExtensions.swift in Sources */ = {isa = PBXBuildFile; fileRef = 903DB8E724808D3F008474AC /* StringExtensions.swift */; };
		903E168C2483923A006348F1 /* NavigationExtension.swift in Sources */ = {isa = PBXBuildFile; fileRef = 903E168B2483923A006348F1 /* NavigationExtension.swift */; };
		903E169C248468BB006348F1 /* Office Desk-light mode.json in Resources */ = {isa = PBXBuildFile; fileRef = 903E169A248468BB006348F1 /* Office Desk-light mode.json */; };
		903E169D248468BB006348F1 /* Office Desk-dark mode.json in Resources */ = {isa = PBXBuildFile; fileRef = 903E169B248468BB006348F1 /* Office Desk-dark mode.json */; };
		9040077B248C93CF00BEFC4A /* CloudKit.framework in Frameworks */ = {isa = PBXBuildFile; fileRef = 9040077A248C93CF00BEFC4A /* CloudKit.framework */; };
		9040077E248D9C3A00BEFC4A /* favourite-lightMode.json in Resources */ = {isa = PBXBuildFile; fileRef = 9040077C248D9C3900BEFC4A /* favourite-lightMode.json */; };
		9040077F248D9C3A00BEFC4A /* favourite-darkMode.json in Resources */ = {isa = PBXBuildFile; fileRef = 9040077D248D9C3A00BEFC4A /* favourite-darkMode.json */; };
		90400781248DFB8700BEFC4A /* FavoritesPalettes.swift in Sources */ = {isa = PBXBuildFile; fileRef = 90400780248DFB8700BEFC4A /* FavoritesPalettes.swift */; };
		90400785248E03BC00BEFC4A /* FavoritesController.swift in Sources */ = {isa = PBXBuildFile; fileRef = 90400784248E03BC00BEFC4A /* FavoritesController.swift */; };
		904007882490DCD800BEFC4A /* FavoritesTableViewCell.swift in Sources */ = {isa = PBXBuildFile; fileRef = 904007872490DCD800BEFC4A /* FavoritesTableViewCell.swift */; };
		9042986F2473C35A0053B216 /* GradientView.swift in Sources */ = {isa = PBXBuildFile; fileRef = 9042986E2473C35A0053B216 /* GradientView.swift */; };
		904298712473C36F0053B216 /* GradientController.swift in Sources */ = {isa = PBXBuildFile; fileRef = 904298702473C36F0053B216 /* GradientController.swift */; };
		9044DD9F249863FB0036004C /* IAPProduct.swift in Sources */ = {isa = PBXBuildFile; fileRef = 9044DD9E249863FB0036004C /* IAPProduct.swift */; };
		904581A62498793300885246 /* IAPService.swift in Sources */ = {isa = PBXBuildFile; fileRef = 904581A52498793300885246 /* IAPService.swift */; };
		904733F324981AD60016D222 /* PremiumView.swift in Sources */ = {isa = PBXBuildFile; fileRef = 904733F224981AD60016D222 /* PremiumView.swift */; };
		904733F524981AEC0016D222 /* PremiumController.swift in Sources */ = {isa = PBXBuildFile; fileRef = 904733F424981AEC0016D222 /* PremiumController.swift */; };
		904733FB24981ED90016D222 /* premiumAnimation.json in Resources */ = {isa = PBXBuildFile; fileRef = 904733FA24981ED90016D222 /* premiumAnimation.json */; };
		906F82732496945200D5967B /* SliderController.swift in Sources */ = {isa = PBXBuildFile; fileRef = 906F82722496945100D5967B /* SliderController.swift */; };
		906F82772496950300D5967B /* SliderView.swift in Sources */ = {isa = PBXBuildFile; fileRef = 906F82762496950300D5967B /* SliderView.swift */; };
		906F82792496E3B300D5967B /* StoreKit.framework in Frameworks */ = {isa = PBXBuildFile; fileRef = 906F82782496E3B300D5967B /* StoreKit.framework */; };
		90E4B699246755A400ED3D29 /* AppDelegate.swift in Sources */ = {isa = PBXBuildFile; fileRef = 90E4B698246755A400ED3D29 /* AppDelegate.swift */; };
		90E4B69B246755A400ED3D29 /* SceneDelegate.swift in Sources */ = {isa = PBXBuildFile; fileRef = 90E4B69A246755A400ED3D29 /* SceneDelegate.swift */; };
		90E4B69D246755A400ED3D29 /* PaletteController.swift in Sources */ = {isa = PBXBuildFile; fileRef = 90E4B69C246755A400ED3D29 /* PaletteController.swift */; };
		90E4B6A3246755A400ED3D29 /* MagentaColorApp.xcdatamodeld in Sources */ = {isa = PBXBuildFile; fileRef = 90E4B6A1246755A400ED3D29 /* MagentaColorApp.xcdatamodeld */; };
		90E4B6A5246755A800ED3D29 /* Assets.xcassets in Resources */ = {isa = PBXBuildFile; fileRef = 90E4B6A4246755A800ED3D29 /* Assets.xcassets */; };
		90E4B6A8246755A800ED3D29 /* LaunchScreen.storyboard in Resources */ = {isa = PBXBuildFile; fileRef = 90E4B6A6246755A800ED3D29 /* LaunchScreen.storyboard */; };
		90E4B6B324675C0500ED3D29 /* PaletteView.swift in Sources */ = {isa = PBXBuildFile; fileRef = 90E4B6B224675C0500ED3D29 /* PaletteView.swift */; };
		90E4B6B524676DCD00ED3D29 /* Color.swift in Sources */ = {isa = PBXBuildFile; fileRef = 90E4B6B424676DCD00ED3D29 /* Color.swift */; };
		90E4B6BA24676FC500ED3D29 /* UIViewExtensions.swift in Sources */ = {isa = PBXBuildFile; fileRef = 90E4B6B924676FC500ED3D29 /* UIViewExtensions.swift */; };
/* End PBXBuildFile section */

/* Begin PBXFileReference section */
		902D708B248229A500E24CF3 /* MenuView.swift */ = {isa = PBXFileReference; lastKnownFileType = sourcecode.swift; path = MenuView.swift; sourceTree = "<group>"; };
		902D708D248229B800E24CF3 /* MenuController.swift */ = {isa = PBXFileReference; lastKnownFileType = sourcecode.swift; path = MenuController.swift; sourceTree = "<group>"; };
		903DB8E524808CF9008474AC /* ColorExtensions.swift */ = {isa = PBXFileReference; lastKnownFileType = sourcecode.swift; path = ColorExtensions.swift; sourceTree = "<group>"; };
		903DB8E724808D3F008474AC /* StringExtensions.swift */ = {isa = PBXFileReference; lastKnownFileType = sourcecode.swift; path = StringExtensions.swift; sourceTree = "<group>"; };
		903E168B2483923A006348F1 /* NavigationExtension.swift */ = {isa = PBXFileReference; lastKnownFileType = sourcecode.swift; path = NavigationExtension.swift; sourceTree = "<group>"; };
		903E169A248468BB006348F1 /* Office Desk-light mode.json */ = {isa = PBXFileReference; fileEncoding = 4; lastKnownFileType = text.json; path = "Office Desk-light mode.json"; sourceTree = SOURCE_ROOT; };
		903E169B248468BB006348F1 /* Office Desk-dark mode.json */ = {isa = PBXFileReference; fileEncoding = 4; lastKnownFileType = text.json; path = "Office Desk-dark mode.json"; sourceTree = SOURCE_ROOT; };
		903E16A424847768006348F1 /* MagentaColorApp.app */ = {isa = PBXFileReference; explicitFileType = wrapper.application; includeInIndex = 0; path = MagentaColorApp.app; sourceTree = BUILT_PRODUCTS_DIR; };
		90400779248C93BA00BEFC4A /* MagentaColorAppRelease.entitlements */ = {isa = PBXFileReference; lastKnownFileType = text.plist.entitlements; path = MagentaColorAppRelease.entitlements; sourceTree = "<group>"; };
		9040077A248C93CF00BEFC4A /* CloudKit.framework */ = {isa = PBXFileReference; lastKnownFileType = wrapper.framework; name = CloudKit.framework; path = System/Library/Frameworks/CloudKit.framework; sourceTree = SDKROOT; };
		9040077C248D9C3900BEFC4A /* favourite-lightMode.json */ = {isa = PBXFileReference; fileEncoding = 4; lastKnownFileType = text.json; path = "favourite-lightMode.json"; sourceTree = "<group>"; };
		9040077D248D9C3A00BEFC4A /* favourite-darkMode.json */ = {isa = PBXFileReference; fileEncoding = 4; lastKnownFileType = text.json; path = "favourite-darkMode.json"; sourceTree = "<group>"; };
		90400780248DFB8700BEFC4A /* FavoritesPalettes.swift */ = {isa = PBXFileReference; lastKnownFileType = sourcecode.swift; path = FavoritesPalettes.swift; sourceTree = "<group>"; };
		90400784248E03BC00BEFC4A /* FavoritesController.swift */ = {isa = PBXFileReference; lastKnownFileType = sourcecode.swift; path = FavoritesController.swift; sourceTree = "<group>"; };
		90400786248F39AE00BEFC4A /* MagentaColorAppDebug.entitlements */ = {isa = PBXFileReference; lastKnownFileType = text.plist.entitlements; path = MagentaColorAppDebug.entitlements; sourceTree = "<group>"; };
		904007872490DCD800BEFC4A /* FavoritesTableViewCell.swift */ = {isa = PBXFileReference; lastKnownFileType = sourcecode.swift; path = FavoritesTableViewCell.swift; sourceTree = "<group>"; };
		9042986E2473C35A0053B216 /* GradientView.swift */ = {isa = PBXFileReference; lastKnownFileType = sourcecode.swift; path = GradientView.swift; sourceTree = "<group>"; };
		904298702473C36F0053B216 /* GradientController.swift */ = {isa = PBXFileReference; lastKnownFileType = sourcecode.swift; path = GradientController.swift; sourceTree = "<group>"; };
		9044DD9E249863FB0036004C /* IAPProduct.swift */ = {isa = PBXFileReference; lastKnownFileType = sourcecode.swift; path = IAPProduct.swift; sourceTree = "<group>"; };
		904581A52498793300885246 /* IAPService.swift */ = {isa = PBXFileReference; lastKnownFileType = sourcecode.swift; path = IAPService.swift; sourceTree = "<group>"; };
		904733F224981AD60016D222 /* PremiumView.swift */ = {isa = PBXFileReference; lastKnownFileType = sourcecode.swift; path = PremiumView.swift; sourceTree = "<group>"; };
		904733F424981AEC0016D222 /* PremiumController.swift */ = {isa = PBXFileReference; lastKnownFileType = sourcecode.swift; path = PremiumController.swift; sourceTree = "<group>"; };
		904733FA24981ED90016D222 /* premiumAnimation.json */ = {isa = PBXFileReference; fileEncoding = 4; lastKnownFileType = text.json; path = premiumAnimation.json; sourceTree = "<group>"; };
		906F82722496945100D5967B /* SliderController.swift */ = {isa = PBXFileReference; lastKnownFileType = sourcecode.swift; path = SliderController.swift; sourceTree = "<group>"; };
		906F82762496950300D5967B /* SliderView.swift */ = {isa = PBXFileReference; lastKnownFileType = sourcecode.swift; path = SliderView.swift; sourceTree = "<group>"; };
		906F82782496E3B300D5967B /* StoreKit.framework */ = {isa = PBXFileReference; lastKnownFileType = wrapper.framework; name = StoreKit.framework; path = System/Library/Frameworks/StoreKit.framework; sourceTree = SDKROOT; };
		90E4B698246755A400ED3D29 /* AppDelegate.swift */ = {isa = PBXFileReference; lastKnownFileType = sourcecode.swift; path = AppDelegate.swift; sourceTree = "<group>"; };
		90E4B69A246755A400ED3D29 /* SceneDelegate.swift */ = {isa = PBXFileReference; lastKnownFileType = sourcecode.swift; path = SceneDelegate.swift; sourceTree = "<group>"; };
		90E4B69C246755A400ED3D29 /* PaletteController.swift */ = {isa = PBXFileReference; lastKnownFileType = sourcecode.swift; path = PaletteController.swift; sourceTree = "<group>"; };
		90E4B6A2246755A400ED3D29 /* MagentaColorApp.xcdatamodel */ = {isa = PBXFileReference; lastKnownFileType = wrapper.xcdatamodel; path = MagentaColorApp.xcdatamodel; sourceTree = "<group>"; };
		90E4B6A4246755A800ED3D29 /* Assets.xcassets */ = {isa = PBXFileReference; lastKnownFileType = folder.assetcatalog; path = Assets.xcassets; sourceTree = "<group>"; };
		90E4B6A7246755A800ED3D29 /* Base */ = {isa = PBXFileReference; lastKnownFileType = file.storyboard; name = Base; path = Base.lproj/LaunchScreen.storyboard; sourceTree = "<group>"; };
		90E4B6A9246755A800ED3D29 /* Info.plist */ = {isa = PBXFileReference; lastKnownFileType = text.plist.xml; path = Info.plist; sourceTree = "<group>"; };
		90E4B6B224675C0500ED3D29 /* PaletteView.swift */ = {isa = PBXFileReference; lastKnownFileType = sourcecode.swift; path = PaletteView.swift; sourceTree = "<group>"; };
		90E4B6B424676DCD00ED3D29 /* Color.swift */ = {isa = PBXFileReference; lastKnownFileType = sourcecode.swift; path = Color.swift; sourceTree = "<group>"; };
		90E4B6B924676FC500ED3D29 /* UIViewExtensions.swift */ = {isa = PBXFileReference; lastKnownFileType = sourcecode.swift; path = UIViewExtensions.swift; sourceTree = "<group>"; };
		9B61673D4F7B3A258D9DDB31 /* Pods_MagentaColorApp.framework */ = {isa = PBXFileReference; explicitFileType = wrapper.framework; includeInIndex = 0; path = Pods_MagentaColorApp.framework; sourceTree = BUILT_PRODUCTS_DIR; };
		C1C0318142BA4F32BBB6B152 /* Pods-MagentaColorApp.debug.xcconfig */ = {isa = PBXFileReference; includeInIndex = 1; lastKnownFileType = text.xcconfig; name = "Pods-MagentaColorApp.debug.xcconfig"; path = "Target Support Files/Pods-MagentaColorApp/Pods-MagentaColorApp.debug.xcconfig"; sourceTree = "<group>"; };
		ED834D53688C8AC556244D8A /* Pods-MagentaColorApp.release.xcconfig */ = {isa = PBXFileReference; includeInIndex = 1; lastKnownFileType = text.xcconfig; name = "Pods-MagentaColorApp.release.xcconfig"; path = "Target Support Files/Pods-MagentaColorApp/Pods-MagentaColorApp.release.xcconfig"; sourceTree = "<group>"; };
/* End PBXFileReference section */

/* Begin PBXFrameworksBuildPhase section */
		90E4B692246755A400ED3D29 /* Frameworks */ = {
			isa = PBXFrameworksBuildPhase;
			buildActionMask = 2147483647;
			files = (
				906F82792496E3B300D5967B /* StoreKit.framework in Frameworks */,
				5CB727CAA91680EF106DBC4B /* Pods_MagentaColorApp.framework in Frameworks */,
				9040077B248C93CF00BEFC4A /* CloudKit.framework in Frameworks */,
			);
			runOnlyForDeploymentPostprocessing = 0;
		};
/* End PBXFrameworksBuildPhase section */

/* Begin PBXGroup section */
		11CAE768F4D3FC9A09E779B6 /* Frameworks */ = {
			isa = PBXGroup;
			children = (
				906F82782496E3B300D5967B /* StoreKit.framework */,
				9040077A248C93CF00BEFC4A /* CloudKit.framework */,
				9B61673D4F7B3A258D9DDB31 /* Pods_MagentaColorApp.framework */,
			);
			name = Frameworks;
			sourceTree = "<group>";
		};
		1EEA50155D89C262570C4D6E /* Pods */ = {
			isa = PBXGroup;
			children = (
				C1C0318142BA4F32BBB6B152 /* Pods-MagentaColorApp.debug.xcconfig */,
				ED834D53688C8AC556244D8A /* Pods-MagentaColorApp.release.xcconfig */,
			);
			path = Pods;
			sourceTree = "<group>";
		};
		904007892490DCE300BEFC4A /* Favorites */ = {
			isa = PBXGroup;
			children = (
				904007872490DCD800BEFC4A /* FavoritesTableViewCell.swift */,
			);
			path = Favorites;
			sourceTree = "<group>";
		};
		90E4B68C246755A400ED3D29 = {
			isa = PBXGroup;
			children = (
				90E4B697246755A400ED3D29 /* MagentaColorApp */,
				903E16A424847768006348F1 /* MagentaColorApp.app */,
				1EEA50155D89C262570C4D6E /* Pods */,
				11CAE768F4D3FC9A09E779B6 /* Frameworks */,
			);
			sourceTree = "<group>";
		};
		90E4B697246755A400ED3D29 /* MagentaColorApp */ = {
			isa = PBXGroup;
			children = (
				90400786248F39AE00BEFC4A /* MagentaColorAppDebug.entitlements */,
				90400779248C93BA00BEFC4A /* MagentaColorAppRelease.entitlements */,
				9040077D248D9C3A00BEFC4A /* favourite-darkMode.json */,
				9040077C248D9C3900BEFC4A /* favourite-lightMode.json */,
				904733FA24981ED90016D222 /* premiumAnimation.json */,
				903E169B248468BB006348F1 /* Office Desk-dark mode.json */,
				903E169A248468BB006348F1 /* Office Desk-light mode.json */,
				90E4B6AF24675BD300ED3D29 /* Model */,
				90E4B6B024675BD800ED3D29 /* View */,
				90E4B6B124675BDC00ED3D29 /* Controller */,
				90E4B6B824676FB400ED3D29 /* Utilities */,
				90E4B698246755A400ED3D29 /* AppDelegate.swift */,
				90E4B69A246755A400ED3D29 /* SceneDelegate.swift */,
				90E4B6A4246755A800ED3D29 /* Assets.xcassets */,
				90E4B6A6246755A800ED3D29 /* LaunchScreen.storyboard */,
				90E4B6A9246755A800ED3D29 /* Info.plist */,
				90E4B6A1246755A400ED3D29 /* MagentaColorApp.xcdatamodeld */,
			);
			path = MagentaColorApp;
			sourceTree = "<group>";
		};
		90E4B6AF24675BD300ED3D29 /* Model */ = {
			isa = PBXGroup;
			children = (
				90E4B6B424676DCD00ED3D29 /* Color.swift */,
				90400780248DFB8700BEFC4A /* FavoritesPalettes.swift */,
				9044DD9E249863FB0036004C /* IAPProduct.swift */,
				904581A52498793300885246 /* IAPService.swift */,
			);
			path = Model;
			sourceTree = "<group>";
		};
		90E4B6B024675BD800ED3D29 /* View */ = {
			isa = PBXGroup;
			children = (
				90E4B6B224675C0500ED3D29 /* PaletteView.swift */,
				9042986E2473C35A0053B216 /* GradientView.swift */,
				902D708B248229A500E24CF3 /* MenuView.swift */,
				904733F224981AD60016D222 /* PremiumView.swift */,
				904007892490DCE300BEFC4A /* Favorites */,
				906F82762496950300D5967B /* SliderView.swift */,
			);
			path = View;
			sourceTree = "<group>";
		};
		90E4B6B124675BDC00ED3D29 /* Controller */ = {
			isa = PBXGroup;
			children = (
				90E4B69C246755A400ED3D29 /* PaletteController.swift */,
				904298702473C36F0053B216 /* GradientController.swift */,
				902D708D248229B800E24CF3 /* MenuController.swift */,
				90400784248E03BC00BEFC4A /* FavoritesController.swift */,
				904733F424981AEC0016D222 /* PremiumController.swift */,
				906F82722496945100D5967B /* SliderController.swift */,
			);
			path = Controller;
			sourceTree = "<group>";
		};
		90E4B6B824676FB400ED3D29 /* Utilities */ = {
			isa = PBXGroup;
			children = (
				90E4B6B924676FC500ED3D29 /* UIViewExtensions.swift */,
				903DB8E524808CF9008474AC /* ColorExtensions.swift */,
				903DB8E724808D3F008474AC /* StringExtensions.swift */,
				903E168B2483923A006348F1 /* NavigationExtension.swift */,
			);
			path = Utilities;
			sourceTree = "<group>";
		};
/* End PBXGroup section */

/* Begin PBXNativeTarget section */
		90E4B694246755A400ED3D29 /* MagentaColorApp */ = {
			isa = PBXNativeTarget;
			buildConfigurationList = 90E4B6AC246755A800ED3D29 /* Build configuration list for PBXNativeTarget "MagentaColorApp" */;
			buildPhases = (
				26E48FCBEFA4D7678E5ACF39 /* [CP] Check Pods Manifest.lock */,
				90E4B691246755A400ED3D29 /* Sources */,
				90E4B692246755A400ED3D29 /* Frameworks */,
				90E4B693246755A400ED3D29 /* Resources */,
				231665E54BEA1E957B0FC9B8 /* [CP] Embed Pods Frameworks */,
			);
			buildRules = (
			);
			dependencies = (
			);
			name = MagentaColorApp;
			productName = MagentaColorApp;
			productReference = 903E16A424847768006348F1 /* MagentaColorApp.app */;
			productType = "com.apple.product-type.application";
		};
/* End PBXNativeTarget section */

/* Begin PBXProject section */
		90E4B68D246755A400ED3D29 /* Project object */ = {
			isa = PBXProject;
			attributes = {
				LastSwiftUpdateCheck = 1130;
				LastUpgradeCheck = 1130;
				ORGANIZATIONNAME = "Stephanie Chiu";
				TargetAttributes = {
					90E4B694246755A400ED3D29 = {
						CreatedOnToolsVersion = 11.3.1;
					};
				};
			};
			buildConfigurationList = 90E4B690246755A400ED3D29 /* Build configuration list for PBXProject "MagentaColorApp" */;
			compatibilityVersion = "Xcode 9.3";
			developmentRegion = en;
			hasScannedForEncodings = 0;
			knownRegions = (
				en,
				Base,
			);
			mainGroup = 90E4B68C246755A400ED3D29;
			productRefGroup = 90E4B68C246755A400ED3D29;
			projectDirPath = "";
			projectRoot = "";
			targets = (
				90E4B694246755A400ED3D29 /* MagentaColorApp */,
			);
		};
/* End PBXProject section */

/* Begin PBXResourcesBuildPhase section */
		90E4B693246755A400ED3D29 /* Resources */ = {
			isa = PBXResourcesBuildPhase;
			buildActionMask = 2147483647;
			files = (
				9040077E248D9C3A00BEFC4A /* favourite-lightMode.json in Resources */,
				903E169C248468BB006348F1 /* Office Desk-light mode.json in Resources */,
				9040077F248D9C3A00BEFC4A /* favourite-darkMode.json in Resources */,
				903E169D248468BB006348F1 /* Office Desk-dark mode.json in Resources */,
				90E4B6A8246755A800ED3D29 /* LaunchScreen.storyboard in Resources */,
				90E4B6A5246755A800ED3D29 /* Assets.xcassets in Resources */,
				904733FB24981ED90016D222 /* premiumAnimation.json in Resources */,
			);
			runOnlyForDeploymentPostprocessing = 0;
		};
/* End PBXResourcesBuildPhase section */

/* Begin PBXShellScriptBuildPhase section */
		231665E54BEA1E957B0FC9B8 /* [CP] Embed Pods Frameworks */ = {
			isa = PBXShellScriptBuildPhase;
			buildActionMask = 2147483647;
			files = (
			);
			inputFileListPaths = (
				"${PODS_ROOT}/Target Support Files/Pods-MagentaColorApp/Pods-MagentaColorApp-frameworks-${CONFIGURATION}-input-files.xcfilelist",
			);
			name = "[CP] Embed Pods Frameworks";
			outputFileListPaths = (
				"${PODS_ROOT}/Target Support Files/Pods-MagentaColorApp/Pods-MagentaColorApp-frameworks-${CONFIGURATION}-output-files.xcfilelist",
			);
			runOnlyForDeploymentPostprocessing = 0;
			shellPath = /bin/sh;
			shellScript = "\"${PODS_ROOT}/Target Support Files/Pods-MagentaColorApp/Pods-MagentaColorApp-frameworks.sh\"\n";
			showEnvVarsInLog = 0;
		};
		26E48FCBEFA4D7678E5ACF39 /* [CP] Check Pods Manifest.lock */ = {
			isa = PBXShellScriptBuildPhase;
			buildActionMask = 2147483647;
			files = (
			);
			inputFileListPaths = (
			);
			inputPaths = (
				"${PODS_PODFILE_DIR_PATH}/Podfile.lock",
				"${PODS_ROOT}/Manifest.lock",
			);
			name = "[CP] Check Pods Manifest.lock";
			outputFileListPaths = (
			);
			outputPaths = (
				"$(DERIVED_FILE_DIR)/Pods-MagentaColorApp-checkManifestLockResult.txt",
			);
			runOnlyForDeploymentPostprocessing = 0;
			shellPath = /bin/sh;
			shellScript = "diff \"${PODS_PODFILE_DIR_PATH}/Podfile.lock\" \"${PODS_ROOT}/Manifest.lock\" > /dev/null\nif [ $? != 0 ] ; then\n    # print error to STDERR\n    echo \"error: The sandbox is not in sync with the Podfile.lock. Run 'pod install' or update your CocoaPods installation.\" >&2\n    exit 1\nfi\n# This output is used by Xcode 'outputs' to avoid re-running this script phase.\necho \"SUCCESS\" > \"${SCRIPT_OUTPUT_FILE_0}\"\n";
			showEnvVarsInLog = 0;
		};
/* End PBXShellScriptBuildPhase section */

/* Begin PBXSourcesBuildPhase section */
		90E4B691246755A400ED3D29 /* Sources */ = {
			isa = PBXSourcesBuildPhase;
			buildActionMask = 2147483647;
			files = (
				90E4B69D246755A400ED3D29 /* PaletteController.swift in Sources */,
				904007882490DCD800BEFC4A /* FavoritesTableViewCell.swift in Sources */,
				904733F524981AEC0016D222 /* PremiumController.swift in Sources */,
				902D708C248229A500E24CF3 /* MenuView.swift in Sources */,
				903DB8E624808CFA008474AC /* ColorExtensions.swift in Sources */,
				90400785248E03BC00BEFC4A /* FavoritesController.swift in Sources */,
				90E4B6A3246755A400ED3D29 /* MagentaColorApp.xcdatamodeld in Sources */,
				904733F324981AD60016D222 /* PremiumView.swift in Sources */,
				90E4B699246755A400ED3D29 /* AppDelegate.swift in Sources */,
				90E4B6BA24676FC500ED3D29 /* UIViewExtensions.swift in Sources */,
				90E4B6B324675C0500ED3D29 /* PaletteView.swift in Sources */,
				903DB8E824808D3F008474AC /* StringExtensions.swift in Sources */,
				906F82732496945200D5967B /* SliderController.swift in Sources */,
				904581A62498793300885246 /* IAPService.swift in Sources */,
				90E4B69B246755A400ED3D29 /* SceneDelegate.swift in Sources */,
				903E168C2483923A006348F1 /* NavigationExtension.swift in Sources */,
				904298712473C36F0053B216 /* GradientController.swift in Sources */,
				9044DD9F249863FB0036004C /* IAPProduct.swift in Sources */,
				9042986F2473C35A0053B216 /* GradientView.swift in Sources */,
				90400781248DFB8700BEFC4A /* FavoritesPalettes.swift in Sources */,
				902D708E248229B800E24CF3 /* MenuController.swift in Sources */,
				90E4B6B524676DCD00ED3D29 /* Color.swift in Sources */,
				906F82772496950300D5967B /* SliderView.swift in Sources */,
			);
			runOnlyForDeploymentPostprocessing = 0;
		};
/* End PBXSourcesBuildPhase section */

/* Begin PBXVariantGroup section */
		90E4B6A6246755A800ED3D29 /* LaunchScreen.storyboard */ = {
			isa = PBXVariantGroup;
			children = (
				90E4B6A7246755A800ED3D29 /* Base */,
			);
			name = LaunchScreen.storyboard;
			sourceTree = "<group>";
		};
/* End PBXVariantGroup section */

/* Begin XCBuildConfiguration section */
		90E4B6AA246755A800ED3D29 /* Debug */ = {
			isa = XCBuildConfiguration;
			buildSettings = {
				ALWAYS_SEARCH_USER_PATHS = NO;
				CLANG_ANALYZER_NONNULL = YES;
				CLANG_ANALYZER_NUMBER_OBJECT_CONVERSION = YES_AGGRESSIVE;
				CLANG_CXX_LANGUAGE_STANDARD = "gnu++14";
				CLANG_CXX_LIBRARY = "libc++";
				CLANG_ENABLE_MODULES = YES;
				CLANG_ENABLE_OBJC_ARC = YES;
				CLANG_ENABLE_OBJC_WEAK = YES;
				CLANG_WARN_BLOCK_CAPTURE_AUTORELEASING = YES;
				CLANG_WARN_BOOL_CONVERSION = YES;
				CLANG_WARN_COMMA = YES;
				CLANG_WARN_CONSTANT_CONVERSION = YES;
				CLANG_WARN_DEPRECATED_OBJC_IMPLEMENTATIONS = YES;
				CLANG_WARN_DIRECT_OBJC_ISA_USAGE = YES_ERROR;
				CLANG_WARN_DOCUMENTATION_COMMENTS = YES;
				CLANG_WARN_EMPTY_BODY = YES;
				CLANG_WARN_ENUM_CONVERSION = YES;
				CLANG_WARN_INFINITE_RECURSION = YES;
				CLANG_WARN_INT_CONVERSION = YES;
				CLANG_WARN_NON_LITERAL_NULL_CONVERSION = YES;
				CLANG_WARN_OBJC_IMPLICIT_RETAIN_SELF = YES;
				CLANG_WARN_OBJC_LITERAL_CONVERSION = YES;
				CLANG_WARN_OBJC_ROOT_CLASS = YES_ERROR;
				CLANG_WARN_RANGE_LOOP_ANALYSIS = YES;
				CLANG_WARN_STRICT_PROTOTYPES = YES;
				CLANG_WARN_SUSPICIOUS_MOVE = YES;
				CLANG_WARN_UNGUARDED_AVAILABILITY = YES_AGGRESSIVE;
				CLANG_WARN_UNREACHABLE_CODE = YES;
				CLANG_WARN__DUPLICATE_METHOD_MATCH = YES;
				COPY_PHASE_STRIP = NO;
				DEBUG_INFORMATION_FORMAT = dwarf;
				ENABLE_STRICT_OBJC_MSGSEND = YES;
				ENABLE_TESTABILITY = YES;
				GCC_C_LANGUAGE_STANDARD = gnu11;
				GCC_DYNAMIC_NO_PIC = NO;
				GCC_NO_COMMON_BLOCKS = YES;
				GCC_OPTIMIZATION_LEVEL = 0;
				GCC_PREPROCESSOR_DEFINITIONS = (
					"DEBUG=1",
					"$(inherited)",
				);
				GCC_WARN_64_TO_32_BIT_CONVERSION = YES;
				GCC_WARN_ABOUT_RETURN_TYPE = YES_ERROR;
				GCC_WARN_UNDECLARED_SELECTOR = YES;
				GCC_WARN_UNINITIALIZED_AUTOS = YES_AGGRESSIVE;
				GCC_WARN_UNUSED_FUNCTION = YES;
				GCC_WARN_UNUSED_VARIABLE = YES;
				IPHONEOS_DEPLOYMENT_TARGET = 13.2;
				MTL_ENABLE_DEBUG_INFO = INCLUDE_SOURCE;
				MTL_FAST_MATH = YES;
				ONLY_ACTIVE_ARCH = YES;
				SDKROOT = iphoneos;
				SWIFT_ACTIVE_COMPILATION_CONDITIONS = DEBUG;
				SWIFT_OPTIMIZATION_LEVEL = "-Onone";
			};
			name = Debug;
		};
		90E4B6AB246755A800ED3D29 /* Release */ = {
			isa = XCBuildConfiguration;
			buildSettings = {
				ALWAYS_SEARCH_USER_PATHS = NO;
				CLANG_ANALYZER_NONNULL = YES;
				CLANG_ANALYZER_NUMBER_OBJECT_CONVERSION = YES_AGGRESSIVE;
				CLANG_CXX_LANGUAGE_STANDARD = "gnu++14";
				CLANG_CXX_LIBRARY = "libc++";
				CLANG_ENABLE_MODULES = YES;
				CLANG_ENABLE_OBJC_ARC = YES;
				CLANG_ENABLE_OBJC_WEAK = YES;
				CLANG_WARN_BLOCK_CAPTURE_AUTORELEASING = YES;
				CLANG_WARN_BOOL_CONVERSION = YES;
				CLANG_WARN_COMMA = YES;
				CLANG_WARN_CONSTANT_CONVERSION = YES;
				CLANG_WARN_DEPRECATED_OBJC_IMPLEMENTATIONS = YES;
				CLANG_WARN_DIRECT_OBJC_ISA_USAGE = YES_ERROR;
				CLANG_WARN_DOCUMENTATION_COMMENTS = YES;
				CLANG_WARN_EMPTY_BODY = YES;
				CLANG_WARN_ENUM_CONVERSION = YES;
				CLANG_WARN_INFINITE_RECURSION = YES;
				CLANG_WARN_INT_CONVERSION = YES;
				CLANG_WARN_NON_LITERAL_NULL_CONVERSION = YES;
				CLANG_WARN_OBJC_IMPLICIT_RETAIN_SELF = YES;
				CLANG_WARN_OBJC_LITERAL_CONVERSION = YES;
				CLANG_WARN_OBJC_ROOT_CLASS = YES_ERROR;
				CLANG_WARN_RANGE_LOOP_ANALYSIS = YES;
				CLANG_WARN_STRICT_PROTOTYPES = YES;
				CLANG_WARN_SUSPICIOUS_MOVE = YES;
				CLANG_WARN_UNGUARDED_AVAILABILITY = YES_AGGRESSIVE;
				CLANG_WARN_UNREACHABLE_CODE = YES;
				CLANG_WARN__DUPLICATE_METHOD_MATCH = YES;
				COPY_PHASE_STRIP = NO;
				DEBUG_INFORMATION_FORMAT = "dwarf-with-dsym";
				ENABLE_NS_ASSERTIONS = NO;
				ENABLE_STRICT_OBJC_MSGSEND = YES;
				GCC_C_LANGUAGE_STANDARD = gnu11;
				GCC_NO_COMMON_BLOCKS = YES;
				GCC_WARN_64_TO_32_BIT_CONVERSION = YES;
				GCC_WARN_ABOUT_RETURN_TYPE = YES_ERROR;
				GCC_WARN_UNDECLARED_SELECTOR = YES;
				GCC_WARN_UNINITIALIZED_AUTOS = YES_AGGRESSIVE;
				GCC_WARN_UNUSED_FUNCTION = YES;
				GCC_WARN_UNUSED_VARIABLE = YES;
				IPHONEOS_DEPLOYMENT_TARGET = 13.2;
				MTL_ENABLE_DEBUG_INFO = NO;
				MTL_FAST_MATH = YES;
				SDKROOT = iphoneos;
				SWIFT_COMPILATION_MODE = wholemodule;
				SWIFT_OPTIMIZATION_LEVEL = "-O";
				VALIDATE_PRODUCT = YES;
			};
			name = Release;
		};
		90E4B6AD246755A800ED3D29 /* Debug */ = {
			isa = XCBuildConfiguration;
			baseConfigurationReference = C1C0318142BA4F32BBB6B152 /* Pods-MagentaColorApp.debug.xcconfig */;
			buildSettings = {
				ASSETCATALOG_COMPILER_APPICON_NAME = AppIcon;
				CODE_SIGN_ENTITLEMENTS = MagentaColorApp/MagentaColorAppDebug.entitlements;
				CODE_SIGN_STYLE = Automatic;
				DEVELOPMENT_TEAM = PAF88N9AZQ;
				INFOPLIST_FILE = MagentaColorApp/Info.plist;
				LD_RUNPATH_SEARCH_PATHS = (
					"$(inherited)",
					"@executable_path/Frameworks",
				);
				PRODUCT_BUNDLE_IDENTIFIER = com.stephaniechiu.MagentaColorApp;
				PRODUCT_NAME = "$(TARGET_NAME)";
				SWIFT_VERSION = 5.0;
				TARGETED_DEVICE_FAMILY = "1,2";
			};
			name = Debug;
		};
		90E4B6AE246755A800ED3D29 /* Release */ = {
			isa = XCBuildConfiguration;
			baseConfigurationReference = ED834D53688C8AC556244D8A /* Pods-MagentaColorApp.release.xcconfig */;
			buildSettings = {
				ASSETCATALOG_COMPILER_APPICON_NAME = AppIcon;
				CODE_SIGN_ENTITLEMENTS = MagentaColorApp/MagentaColorAppRelease.entitlements;
				CODE_SIGN_STYLE = Automatic;
				DEVELOPMENT_TEAM = PAF88N9AZQ;
				INFOPLIST_FILE = MagentaColorApp/Info.plist;
				LD_RUNPATH_SEARCH_PATHS = (
					"$(inherited)",
					"@executable_path/Frameworks",
				);
				PRODUCT_BUNDLE_IDENTIFIER = com.stephaniechiu.MagentaColorApp;
				PRODUCT_NAME = "$(TARGET_NAME)";
				SWIFT_VERSION = 5.0;
				TARGETED_DEVICE_FAMILY = "1,2";
			};
			name = Release;
		};
/* End XCBuildConfiguration section */

/* Begin XCConfigurationList section */
		90E4B690246755A400ED3D29 /* Build configuration list for PBXProject "MagentaColorApp" */ = {
			isa = XCConfigurationList;
			buildConfigurations = (
				90E4B6AA246755A800ED3D29 /* Debug */,
				90E4B6AB246755A800ED3D29 /* Release */,
			);
			defaultConfigurationIsVisible = 0;
			defaultConfigurationName = Release;
		};
		90E4B6AC246755A800ED3D29 /* Build configuration list for PBXNativeTarget "MagentaColorApp" */ = {
			isa = XCConfigurationList;
			buildConfigurations = (
				90E4B6AD246755A800ED3D29 /* Debug */,
				90E4B6AE246755A800ED3D29 /* Release */,
			);
			defaultConfigurationIsVisible = 0;
			defaultConfigurationName = Release;
		};
/* End XCConfigurationList section */

/* Begin XCVersionGroup section */
		90E4B6A1246755A400ED3D29 /* MagentaColorApp.xcdatamodeld */ = {
			isa = XCVersionGroup;
			children = (
				90E4B6A2246755A400ED3D29 /* MagentaColorApp.xcdatamodel */,
			);
			currentVersion = 90E4B6A2246755A400ED3D29 /* MagentaColorApp.xcdatamodel */;
			path = MagentaColorApp.xcdatamodeld;
			sourceTree = "<group>";
			versionGroupType = wrapper.xcdatamodel;
		};
/* End XCVersionGroup section */
	};
	rootObject = 90E4B68D246755A400ED3D29 /* Project object */;
}
